// !$*UTF8*$!
{
	archiveVersion = 1;
	classes = {
	};
	objectVersion = 46;
	objects = {

/* Begin PBXBuildFile section */
		D0465DA11DA0300F00BB3283 /* AppDelegate.swift in Sources */ = {isa = PBXBuildFile; fileRef = D0465DA01DA0300F00BB3283 /* AppDelegate.swift */; };
		D0465DA31DA0300F00BB3283 /* ViewController.swift in Sources */ = {isa = PBXBuildFile; fileRef = D0465DA21DA0300F00BB3283 /* ViewController.swift */; };
		D0465DA61DA0300F00BB3283 /* Main.storyboard in Resources */ = {isa = PBXBuildFile; fileRef = D0465DA41DA0300F00BB3283 /* Main.storyboard */; };
		D0465DA81DA0300F00BB3283 /* Assets.xcassets in Resources */ = {isa = PBXBuildFile; fileRef = D0465DA71DA0300F00BB3283 /* Assets.xcassets */; };
		D0465DAB1DA0300F00BB3283 /* LaunchScreen.storyboard in Resources */ = {isa = PBXBuildFile; fileRef = D0465DA91DA0300F00BB3283 /* LaunchScreen.storyboard */; };
/* End PBXBuildFile section */

/* Begin PBXFileReference section */
		D0465D9D1DA0300F00BB3283 /* bug-autolayout.app */ = {isa = PBXFileReference; explicitFileType = wrapper.application; includeInIndex = 0; path = "bug-autolayout.app"; sourceTree = BUILT_PRODUCTS_DIR; };
		D0465DA01DA0300F00BB3283 /* AppDelegate.swift */ = {isa = PBXFileReference; lastKnownFileType = sourcecode.swift; path = AppDelegate.swift; sourceTree = "<group>"; };
		D0465DA21DA0300F00BB3283 /* ViewController.swift */ = {isa = PBXFileReference; lastKnownFileType = sourcecode.swift; path = ViewController.swift; sourceTree = "<group>"; };
		D0465DA51DA0300F00BB3283 /* Base */ = {isa = PBXFileReference; lastKnownFileType = file.storyboard; name = Base; path = Base.lproj/Main.storyboard; sourceTree = "<group>"; };
		D0465DA71DA0300F00BB3283 /* Assets.xcassets */ = {isa = PBXFileReference; lastKnownFileType = folder.assetcatalog; path = Assets.xcassets; sourceTree = "<group>"; };
		D0465DAA1DA0300F00BB3283 /* Base */ = {isa = PBXFileReference; lastKnownFileType = file.storyboard; name = Base; path = Base.lproj/LaunchScreen.storyboard; sourceTree = "<group>"; };
		D0465DAC1DA0300F00BB3283 /* Info.plist */ = {isa = PBXFileReference; lastKnownFileType = text.plist.xml; path = Info.plist; sourceTree = "<group>"; };
/* End PBXFileReference section */

/* Begin PBXFrameworksBuildPhase section */
		D0465D9A1DA0300F00BB3283 /* Frameworks */ = {
			isa = PBXFrameworksBuildPhase;
			buildActionMask = 2147483647;
			files = (
			);
			runOnlyForDeploymentPostprocessing = 0;
		};
/* End PBXFrameworksBuildPhase section */

/* Begin PBXGroup section */
		D0465D941DA0300F00BB3283 = {
			isa = PBXGroup;
			children = (
				D0465D9F1DA0300F00BB3283 /* bug-autolayout */,
				D0465D9E1DA0300F00BB3283 /* Products */,
			);
			sourceTree = "<group>";
		};
		D0465D9E1DA0300F00BB3283 /* Products */ = {
			isa = PBXGroup;
			children = (
				D0465D9D1DA0300F00BB3283 /* bug-autolayout.app */,
			);
			name = Products;
			sourceTree = "<group>";
		};
		D0465D9F1DA0300F00BB3283 /* bug-autolayout */ = {
			isa = PBXGroup;
			children = (
				D0465DA01DA0300F00BB3283 /* AppDelegate.swift */,
				D0465DA21DA0300F00BB3283 /* ViewController.swift */,
				D0465DA41DA0300F00BB3283 /* Main.storyboard */,
				D0465DA71DA0300F00BB3283 /* Assets.xcassets */,
				D0465DA91DA0300F00BB3283 /* LaunchScreen.storyboard */,
				D0465DAC1DA0300F00BB3283 /* Info.plist */,
			);
			path = "bug-autolayout";
			sourceTree = "<group>";
		};
/* End PBXGroup section */

/* Begin PBXNativeTarget section */
		D0465D9C1DA0300F00BB3283 /* bug-autolayout */ = {
			isa = PBXNativeTarget;
			buildConfigurationList = D0465DAF1DA0300F00BB3283 /* Build configuration list for PBXNativeTarget "bug-autolayout" */;
			buildPhases = (
				D0465D991DA0300F00BB3283 /* Sources */,
				D0465D9A1DA0300F00BB3283 /* Frameworks */,
				D0465D9B1DA0300F00BB3283 /* Resources */,
			);
			buildRules = (
			);
			dependencies = (
			);
			name = "bug-autolayout";
			productName = "bug-autolayout";
			productReference = D0465D9D1DA0300F00BB3283 /* bug-autolayout.app */;
			productType = "com.apple.product-type.application";
		};
/* End PBXNativeTarget section */

/* Begin PBXProject section */
		D0465D951DA0300F00BB3283 /* Project object */ = {
			isa = PBXProject;
			attributes = {
				LastSwiftUpdateCheck = 0800;
				LastUpgradeCheck = 0800;
				ORGANIZATIONNAME = bug;
				TargetAttributes = {
					D0465D9C1DA0300F00BB3283 = {
						CreatedOnToolsVersion = 8.0;
						DevelopmentTeam = 68BP38A3HD;
						ProvisioningStyle = Automatic;
					};
				};
			};
			buildConfigurationList = D0465D981DA0300F00BB3283 /* Build configuration list for PBXProject "bug-autolayout" */;
			compatibilityVersion = "Xcode 3.2";
			developmentRegion = English;
			hasScannedForEncodings = 0;
			knownRegions = (
				en,
				Base,
			);
			mainGroup = D0465D941DA0300F00BB3283;
			productRefGroup = D0465D9E1DA0300F00BB3283 /* Products */;
			projectDirPath = "";
			projectRoot = "";
			targets = (
				D0465D9C1DA0300F00BB3283 /* bug-autolayout */,
			);
		};
/* End PBXProject section */

/* Begin PBXResourcesBuildPhase section */
		D0465D9B1DA0300F00BB3283 /* Resources */ = {
			isa = PBXResourcesBuildPhase;
			buildActionMask = 2147483647;
			files = (
				D0465DAB1DA0300F00BB3283 /* LaunchScreen.storyboard in Resources */,
				D0465DA81DA0300F00BB3283 /* Assets.xcassets in Resources */,
				D0465DA61DA0300F00BB3283 /* Main.storyboard in Resources */,
			);
			runOnlyForDeploymentPostprocessing = 0;
		};
/* End PBXResourcesBuildPhase section */

/* Begin PBXSourcesBuildPhase section */
		D0465D991DA0300F00BB3283 /* Sources */ = {
			isa = PBXSourcesBuildPhase;
			buildActionMask = 2147483647;
			files = (
				D0465DA31DA0300F00BB3283 /* ViewController.swift in Sources */,
				D0465DA11DA0300F00BB3283 /* AppDelegate.swift in Sources */,
			);
			runOnlyForDeploymentPostprocessing = 0;
		};
/* End PBXSourcesBuildPhase section */

/* Begin PBXVariantGroup section */
		D0465DA41DA0300F00BB3283 /* Main.storyboard */ = {
			isa = PBXVariantGroup;
			children = (
				D0465DA51DA0300F00BB3283 /* Base */,
			);
			name = Main.storyboard;
			sourceTree = "<group>";
		};
		D0465DA91DA0300F00BB3283 /* LaunchScreen.storyboard */ = {
			isa = PBXVariantGroup;
			children = (
				D0465DAA1DA0300F00BB3283 /* Base */,
			);
			name = LaunchScreen.storyboard;
			sourceTree = "<group>";
		};
/* End PBXVariantGroup section */

/* Begin XCBuildConfiguration section */
		D0465DAD1DA0300F00BB3283 /* Debug */ = {
			isa = XCBuildConfiguration;
			buildSettings = {
				ALWAYS_SEARCH_USER_PATHS = NO;
				CLANG_ANALYZER_NONNULL = YES;
				CLANG_CXX_LANGUAGE_STANDARD = "gnu++0x";
				CLANG_CXX_LIBRARY = "libc++";
				CLANG_ENABLE_MODULES = YES;
				CLANG_ENABLE_OBJC_ARC = YES;
				CLANG_WARN_BOOL_CONVERSION = YES;
				CLANG_WARN_CONSTANT_CONVERSION = YES;
				CLANG_WARN_DIRECT_OBJC_ISA_USAGE = YES_ERROR;
				CLANG_WARN_DOCUMENTATION_COMMENTS = YES;
				CLANG_WARN_EMPTY_BODY = YES;
				CLANG_WARN_ENUM_CONVERSION = YES;
				CLANG_WARN_INFINITE_RECURSION = YES;
				CLANG_WARN_INT_CONVERSION = YES;
				CLANG_WARN_OBJC_ROOT_CLASS = YES_ERROR;
				CLANG_WARN_SUSPICIOUS_MOVES = YES;
				CLANG_WARN_UNREACHABLE_CODE = YES;
				CLANG_WARN__DUPLICATE_METHOD_MATCH = YES;
				"CODE_SIGN_IDENTITY[sdk=iphoneos*]" = "iPhone Developer";
				COPY_PHASE_STRIP = NO;
				DEBUG_INFORMATION_FORMAT = dwarf;
				ENABLE_STRICT_OBJC_MSGSEND = YES;
				ENABLE_TESTABILITY = YES;
				GCC_C_LANGUAGE_STANDARD = gnu99;
				GCC_DYNAMIC_NO_PIC = NO;
				GCC_NO_COMMON_BLOCKS = YES;
				GCC_OPTIMIZATION_LEVEL = 0;
				GCC_PREPROCESSOR_DEFINITIONS = (
					"DEBUG=1",
					"$(inherited)",
				);
				GCC_WARN_64_TO_32_BIT_CONVERSION = YES;
				GCC_WARN_ABOUT_RETURN_TYPE = YES_ERROR;
				GCC_WARN_UNDECLARED_SELECTOR = YES;
				GCC_WARN_UNINITIALIZED_AUTOS = YES_AGGRESSIVE;
				GCC_WARN_UNUSED_FUNCTION = YES;
				GCC_WARN_UNUSED_VARIABLE = YES;
				IPHONEOS_DEPLOYMENT_TARGET = 10.0;
				MTL_ENABLE_DEBUG_INFO = YES;
				ONLY_ACTIVE_ARCH = YES;
				SDKROOT = iphoneos;
				SWIFT_ACTIVE_COMPILATION_CONDITIONS = DEBUG;
				SWIFT_OPTIMIZATION_LEVEL = "-Onone";
				TARGETED_DEVICE_FAMILY = "1,2";
			};
			name = Debug;
		};
		D0465DAE1DA0300F00BB3283 /* Release */ = {
			isa = XCBuildConfiguration;
			buildSettings = {
				ALWAYS_SEARCH_USER_PATHS = NO;
				CLANG_ANALYZER_NONNULL = YES;
				CLANG_CXX_LANGUAGE_STANDARD = "gnu++0x";
				CLANG_CXX_LIBRARY = "libc++";
				CLANG_ENABLE_MODULES = YES;
				CLANG_ENABLE_OBJC_ARC = YES;
				CLANG_WARN_BOOL_CONVERSION = YES;
				CLANG_WARN_CONSTANT_CONVERSION = YES;
				CLANG_WARN_DIRECT_OBJC_ISA_USAGE = YES_ERROR;
				CLANG_WARN_DOCUMENTATION_COMMENTS = YES;
				CLANG_WARN_EMPTY_BODY = YES;
				CLANG_WARN_ENUM_CONVERSION = YES;
				CLANG_WARN_INFINITE_RECURSION = YES;
				CLANG_WARN_INT_CONVERSION = YES;
				CLANG_WARN_OBJC_ROOT_CLASS = YES_ERROR;
				CLANG_WARN_SUSPICIOUS_MOVES = YES;
				CLANG_WARN_UNREACHABLE_CODE = YES;
				CLANG_WARN__DUPLICATE_METHOD_MATCH = YES;
				"CODE_SIGN_IDENTITY[sdk=iphoneos*]" = "iPhone Developer";
				COPY_PHASE_STRIP = NO;
				DEBUG_INFORMATION_FORMAT = "dwarf-with-dsym";
				ENABLE_NS_ASSERTIONS = NO;
				ENABLE_STRICT_OBJC_MSGSEND = YES;
				GCC_C_LANGUAGE_STANDARD = gnu99;
				GCC_NO_COMMON_BLOCKS = YES;
				GCC_WARN_64_TO_32_BIT_CONVERSION = YES;
				GCC_WARN_ABOUT_RETURN_TYPE = YES_ERROR;
				GCC_WARN_UNDECLARED_SELECTOR = YES;
				GCC_WARN_UNINITIALIZED_AUTOS = YES_AGGRESSIVE;
				GCC_WARN_UNUSED_FUNCTION = YES;
				GCC_WARN_UNUSED_VARIABLE = YES;
				IPHONEOS_DEPLOYMENT_TARGET = 10.0;
				MTL_ENABLE_DEBUG_INFO = NO;
				SDKROOT = iphoneos;
				SWIFT_OPTIMIZATION_LEVEL = "-Owholemodule";
				TARGETED_DEVICE_FAMILY = "1,2";
				VALIDATE_PRODUCT = YES;
			};
			name = Release;
		};
		D0465DB01DA0300F00BB3283 /* Debug */ = {
			isa = XCBuildConfiguration;
			buildSettings = {
				ASSETCATALOG_COMPILER_APPICON_NAME = AppIcon;
				DEVELOPMENT_TEAM = 68BP38A3HD;
				INFOPLIST_FILE = "bug-autolayout/Info.plist";
				IPHONEOS_DEPLOYMENT_TARGET = 8.0;
				LD_RUNPATH_SEARCH_PATHS = "$(inherited) @executable_path/Frameworks";
				PRODUCT_BUNDLE_IDENTIFIER = "com.bug.bug-autolayout";
				PRODUCT_NAME = "$(TARGET_NAME)";
				SWIFT_VERSION = 3.0;
			};
			name = Debug;
		};
		D0465DB11DA0300F00BB3283 /* Release */ = {
			isa = XCBuildConfiguration;
			buildSettings = {
				ASSETCATALOG_COMPILER_APPICON_NAME = AppIcon;
				DEVELOPMENT_TEAM = 68BP38A3HD;
				INFOPLIST_FILE = "bug-autolayout/Info.plist";
				IPHONEOS_DEPLOYMENT_TARGET = 8.0;
				LD_RUNPATH_SEARCH_PATHS = "$(inherited) @executable_path/Frameworks";
				PRODUCT_BUNDLE_IDENTIFIER = "com.bug.bug-autolayout";
				PRODUCT_NAME = "$(TARGET_NAME)";
				SWIFT_VERSION = 3.0;
			};
			name = Release;
		};
/* End XCBuildConfiguration section */

/* Begin XCConfigurationList section */
		D0465D981DA0300F00BB3283 /* Build configuration list for PBXProject "bug-autolayout" */ = {
			isa = XCConfigurationList;
			buildConfigurations = (
				D0465DAD1DA0300F00BB3283 /* Debug */,
				D0465DAE1DA0300F00BB3283 /* Release */,
			);
			defaultConfigurationIsVisible = 0;
			defaultConfigurationName = Release;
		};
		D0465DAF1DA0300F00BB3283 /* Build configuration list for PBXNativeTarget "bug-autolayout" */ = {
			isa = XCConfigurationList;
			buildConfigurations = (
				D0465DB01DA0300F00BB3283 /* Debug */,
				D0465DB11DA0300F00BB3283 /* Release */,
			);
			defaultConfigurationIsVisible = 0;
		};
/* End XCConfigurationList section */
	};
	rootObject = D0465D951DA0300F00BB3283 /* Project object */;
}
